
Microsoft Visual Studio Solution File, Format Version 11.00
# Visual Studio 2010
VisualStudioVersion = 12.0.21005.1
MinimumVisualStudioVersion = 10.0.40219.1
Project("{FAE04EC0-301F-11D3-BF4B-00C04F79EFBC}") = "SpaceBagel", "SpaceBagel.csproj", "{C90D060D-D448-4B8F-A60F-26FC5952CCFF}"
EndProject
Project("{FAE04EC0-301F-11D3-BF4B-00C04F79EFBC}") = "OSHO", "..\OSHO\OSHO.csproj", "{EA121072-A82A-49BA-9512-701113DB0384}"
EndProject
Global
	GlobalSection(SolutionConfigurationPlatforms) = preSolution
		Debug|Any CPU = Debug|Any CPU
		Debug|Mixed Platforms = Debug|Mixed Platforms
		Debug|x64 = Debug|x64
		Debug|x86 = Debug|x86
		Release|Any CPU = Release|Any CPU
		Release|Mixed Platforms = Release|Mixed Platforms
		Release|x64 = Release|x64
		Release|x86 = Release|x86
	EndGlobalSection
	GlobalSection(ProjectConfigurationPlatforms) = postSolution
		{C90D060D-D448-4B8F-A60F-26FC5952CCFF}.Debug|Any CPU.ActiveCfg = Debug|x86
		{C90D060D-D448-4B8F-A60F-26FC5952CCFF}.Debug|Mixed Platforms.ActiveCfg = Debug|x86
		{C90D060D-D448-4B8F-A60F-26FC5952CCFF}.Debug|Mixed Platforms.Build.0 = Debug|x86
		{C90D060D-D448-4B8F-A60F-26FC5952CCFF}.Debug|x64.ActiveCfg = Debug|x86
		{C90D060D-D448-4B8F-A60F-26FC5952CCFF}.Debug|x64.Build.0 = Debug|x86
		{C90D060D-D448-4B8F-A60F-26FC5952CCFF}.Debug|x86.ActiveCfg = Debug|x86
		{C90D060D-D448-4B8F-A60F-26FC5952CCFF}.Debug|x86.Build.0 = Debug|x86
		{C90D060D-D448-4B8F-A60F-26FC5952CCFF}.Release|Any CPU.ActiveCfg = Release|x86
		{C90D060D-D448-4B8F-A60F-26FC5952CCFF}.Release|Mixed Platforms.ActiveCfg = Release|x86
		{C90D060D-D448-4B8F-A60F-26FC5952CCFF}.Release|Mixed Platforms.Build.0 = Release|x86
		{C90D060D-D448-4B8F-A60F-26FC5952CCFF}.Release|x64.ActiveCfg = Release|x64
		{C90D060D-D448-4B8F-A60F-26FC5952CCFF}.Release|x64.Build.0 = Release|x64
		{C90D060D-D448-4B8F-A60F-26FC5952CCFF}.Release|x86.ActiveCfg = Release|x86
		{C90D060D-D448-4B8F-A60F-26FC5952CCFF}.Release|x86.Build.0 = Release|x86
		{EA121072-A82A-49BA-9512-701113DB0384}.Debug|Any CPU.ActiveCfg = Debug|Any CPU
		{EA121072-A82A-49BA-9512-701113DB0384}.Debug|Any CPU.Build.0 = Debug|Any CPU
		{EA121072-A82A-49BA-9512-701113DB0384}.Debug|Mixed Platforms.ActiveCfg = Debug|Any CPU
		{EA121072-A82A-49BA-9512-701113DB0384}.Debug|Mixed Platforms.Build.0 = Debug|Any CPU
		{EA121072-A82A-49BA-9512-701113DB0384}.Debug|x64.ActiveCfg = Debug|Any CPU
		{EA121072-A82A-49BA-9512-701113DB0384}.Debug|x86.ActiveCfg = Debug|Any CPU
		{EA121072-A82A-49BA-9512-701113DB0384}.Release|Any CPU.ActiveCfg = Release|Any CPU
		{EA121072-A82A-49BA-9512-701113DB0384}.Release|Any CPU.Build.0 = Release|Any CPU
		{EA121072-A82A-49BA-9512-701113DB0384}.Release|Mixed Platforms.ActiveCfg = Release|Any CPU
		{EA121072-A82A-49BA-9512-701113DB0384}.Release|Mixed Platforms.Build.0 = Release|Any CPU
		{EA121072-A82A-49BA-9512-701113DB0384}.Release|x64.ActiveCfg = Release|Any CPU
		{EA121072-A82A-49BA-9512-701113DB0384}.Release|x86.ActiveCfg = Release|Any CPU
	EndGlobalSection
	GlobalSection(SolutionProperties) = preSolution
		HideSolutionNode = FALSE
	EndGlobalSection
	GlobalSection(MonoDevelopProperties) = preSolution
		StartupItem = SpaceBagel.csproj
		Policies = $0
		$0.VersionControlPolicy = $1
		$1.inheritsSet = Mono
		$0.ChangeLogPolicy = $2
		$2.UpdateMode = None
		$2.MessageStyle = $3
		$3.LineAlign = 0
		$2.inheritsSet = Mono
	EndGlobalSection
EndGlobal
